
Microsoft Visual Studio Solution File, Format Version 12.00
# Visual Studio Version 16
VisualStudioVersion = 16.0.31613.86
MinimumVisualStudioVersion = 10.0.40219.1
Project("{FAE04EC0-301F-11D3-BF4B-00C04F79EFBC}") = "Palindrome", "Palindrome\Palindrome.csproj", "{0B88260D-EDFB-42F6-B92E-A9E47EDC637B}"
EndProject
Global
	GlobalSection(SolutionConfigurationPlatforms) = preSolution
		Debug|Any CPU = Debug|Any CPU
		Release|Any CPU = Release|Any CPU
	EndGlobalSection
	GlobalSection(ProjectConfigurationPlatforms) = postSolution
		{0B88260D-EDFB-42F6-B92E-A9E47EDC637B}.Debug|Any CPU.ActiveCfg = Debug|Any CPU
		{0B88260D-EDFB-42F6-B92E-A9E47EDC637B}.Debug|Any CPU.Build.0 = Debug|Any CPU
		{0B88260D-EDFB-42F6-B92E-A9E47EDC637B}.Release|Any CPU.ActiveCfg = Release|Any CPU
		{0B88260D-EDFB-42F6-B92E-A9E47EDC637B}.Release|Any CPU.Build.0 = Release|Any CPU
	EndGlobalSection
	GlobalSection(SolutionProperties) = preSolution
		HideSolutionNode = FALSE
	EndGlobalSection
	GlobalSection(ExtensibilityGlobals) = postSolution
		SolutionGuid = {0C39C51A-A8AE-4D28-BE29-304DD8218B1E}
	EndGlobalSection
EndGlobal
